
Microsoft Visual Studio Solution File, Format Version 12.00
# Visual Studio Version 16
VisualStudioVersion = 16.0.29306.81
MinimumVisualStudioVersion = 10.0.40219.1
Project("{FAE04EC0-301F-11D3-BF4B-00C04F79EFBC}") = "StudyBuddy", "StudyBuddy\StudyBuddy.csproj", "{CA2E5760-2637-4FB7-9F39-D5147574F8F9}"
EndProject
Global
	GlobalSection(SolutionConfigurationPlatforms) = preSolution
		Debug|Any CPU = Debug|Any CPU
		Release|Any CPU = Release|Any CPU
	EndGlobalSection
	GlobalSection(ProjectConfigurationPlatforms) = postSolution
		{CA2E5760-2637-4FB7-9F39-D5147574F8F9}.Debug|Any CPU.ActiveCfg = Debug|Any CPU
		{CA2E5760-2637-4FB7-9F39-D5147574F8F9}.Debug|Any CPU.Build.0 = Debug|Any CPU
		{CA2E5760-2637-4FB7-9F39-D5147574F8F9}.Release|Any CPU.ActiveCfg = Release|Any CPU
		{CA2E5760-2637-4FB7-9F39-D5147574F8F9}.Release|Any CPU.Build.0 = Release|Any CPU
	EndGlobalSection
	GlobalSection(SolutionProperties) = preSolution
		HideSolutionNode = FALSE
	EndGlobalSection
	GlobalSection(ExtensibilityGlobals) = postSolution
		SolutionGuid = {5B056CD7-679B-41EC-9384-13F5B29031C9}
	EndGlobalSection
EndGlobal
